
Microsoft Visual Studio Solution File, Format Version 12.00
# Visual Studio for Mac
Project("{FAE04EC0-301F-11D3-BF4B-00C04F79EFBC}") = "Assembly-CSharp", "Assembly-CSharp.csproj", "{A8EF31CF-F778-5B36-8E1F-ACA97B14B308}"
EndProject
Project("{FAE04EC0-301F-11D3-BF4B-00C04F79EFBC}") = "Assembly-CSharp-Editor", "Assembly-CSharp-Editor.csproj", "{A6C57BDA-8C9D-84DD-AE3E-14C39C7FF1B2}"
EndProject
Global
	GlobalSection(SolutionConfigurationPlatforms) = preSolution
		Debug|Any CPU = Debug|Any CPU
		Release|Any CPU = Release|Any CPU
	EndGlobalSection
	GlobalSection(ProjectConfigurationPlatforms) = postSolution
		{A8EF31CF-F778-5B36-8E1F-ACA97B14B308}.Debug|Any CPU.ActiveCfg = Debug|Any CPU
		{A8EF31CF-F778-5B36-8E1F-ACA97B14B308}.Debug|Any CPU.Build.0 = Debug|Any CPU
		{A8EF31CF-F778-5B36-8E1F-ACA97B14B308}.Release|Any CPU.ActiveCfg = Release|Any CPU
		{A8EF31CF-F778-5B36-8E1F-ACA97B14B308}.Release|Any CPU.Build.0 = Release|Any CPU
		{A6C57BDA-8C9D-84DD-AE3E-14C39C7FF1B2}.Debug|Any CPU.ActiveCfg = Debug|Any CPU
		{A6C57BDA-8C9D-84DD-AE3E-14C39C7FF1B2}.Debug|Any CPU.Build.0 = Debug|Any CPU
		{A6C57BDA-8C9D-84DD-AE3E-14C39C7FF1B2}.Release|Any CPU.ActiveCfg = Release|Any CPU
		{A6C57BDA-8C9D-84DD-AE3E-14C39C7FF1B2}.Release|Any CPU.Build.0 = Release|Any CPU
	EndGlobalSection
	GlobalSection(SolutionProperties) = preSolution
		HideSolutionNode = FALSE
	EndGlobalSection
EndGlobal
